// !$*UTF8*$!
{
	archiveVersion = 1;
	classes = {
	};
	objectVersion = 56;
	objects = {

/* Begin PBXBuildFile section */
		0B1477212A0C41ED0012FBEA /* UberLocation.swift in Sources */ = {isa = PBXBuildFile; fileRef = 0B1477202A0C41ED0012FBEA /* UberLocation.swift */; };
		0B17A8962A2550A50067289E /* SavedLocationSearchView.swift in Sources */ = {isa = PBXBuildFile; fileRef = 0B17A8952A2550A50067289E /* SavedLocationSearchView.swift */; };
		0B17A8982A2559910067289E /* LocationSearchResultsView.swift in Sources */ = {isa = PBXBuildFile; fileRef = 0B17A8972A2559910067289E /* LocationSearchResultsView.swift */; };
		0B17A89A2A26953B0067289E /* SavedLocation.swift in Sources */ = {isa = PBXBuildFile; fileRef = 0B17A8992A26953B0067289E /* SavedLocation.swift */; };
		0B2427032A216DFF00936AC1 /* FirebaseAuth in Frameworks */ = {isa = PBXBuildFile; productRef = 0B2427022A216DFF00936AC1 /* FirebaseAuth */; };
		0B2427052A216DFF00936AC1 /* FirebaseFirestore in Frameworks */ = {isa = PBXBuildFile; productRef = 0B2427042A216DFF00936AC1 /* FirebaseFirestore */; };
		0B2427072A216DFF00936AC1 /* FirebaseFirestoreSwift in Frameworks */ = {isa = PBXBuildFile; productRef = 0B2427062A216DFF00936AC1 /* FirebaseFirestoreSwift */; };
		0B2427092A216EE000936AC1 /* FirebaseStorage in Frameworks */ = {isa = PBXBuildFile; productRef = 0B2427082A216EE000936AC1 /* FirebaseStorage */; };
		0B2810942A117DFA00583D04 /* LoginView.swift in Sources */ = {isa = PBXBuildFile; fileRef = 0B2810932A117DFA00583D04 /* LoginView.swift */; };
		0B2810962A117E1600583D04 /* RegistrationView.swift in Sources */ = {isa = PBXBuildFile; fileRef = 0B2810952A117E1600583D04 /* RegistrationView.swift */; };
		0B2F31EE2A22C07E005D2E4B /* SettingsView.swift in Sources */ = {isa = PBXBuildFile; fileRef = 0B2F31ED2A22C07E005D2E4B /* SettingsView.swift */; };
		0B2F31F12A22C292005D2E4B /* HeaderView.swift in Sources */ = {isa = PBXBuildFile; fileRef = 0B2F31F02A22C292005D2E4B /* HeaderView.swift */; };
		0B2F31F32A22C62C005D2E4B /* SavedLocationRowView.swift in Sources */ = {isa = PBXBuildFile; fileRef = 0B2F31F22A22C62C005D2E4B /* SavedLocationRowView.swift */; };
		0B2F31F52A22C787005D2E4B /* SettingsRowView.swift in Sources */ = {isa = PBXBuildFile; fileRef = 0B2F31F42A22C787005D2E4B /* SettingsRowView.swift */; };
		0B30DD282A02F7590076CB9E /* RideRequestView.swift in Sources */ = {isa = PBXBuildFile; fileRef = 0B30DD272A02F7590076CB9E /* RideRequestView.swift */; };
		0B46B72E2A240F94008CB409 /* SavedLocationViewModel.swift in Sources */ = {isa = PBXBuildFile; fileRef = 0B46B72D2A240F94008CB409 /* SavedLocationViewModel.swift */; };
		0B6C322D29F7291400715ACF /* uberSwiftUITutorialApp.swift in Sources */ = {isa = PBXBuildFile; fileRef = 0B6C322C29F7291400715ACF /* uberSwiftUITutorialApp.swift */; };
		0B6C323129F7291500715ACF /* Assets.xcassets in Resources */ = {isa = PBXBuildFile; fileRef = 0B6C323029F7291500715ACF /* Assets.xcassets */; };
		0B6C323429F7291500715ACF /* Preview Assets.xcassets in Resources */ = {isa = PBXBuildFile; fileRef = 0B6C323329F7291500715ACF /* Preview Assets.xcassets */; };
		0B6C324229F729C300715ACF /* HomeView.swift in Sources */ = {isa = PBXBuildFile; fileRef = 0B6C324129F729C300715ACF /* HomeView.swift */; };
		0B6C324529F72A3900715ACF /* UberMapViewRepresentable.swift in Sources */ = {isa = PBXBuildFile; fileRef = 0B6C324429F72A3900715ACF /* UberMapViewRepresentable.swift */; };
		0B6C324729F72D7300715ACF /* LocationManager.swift in Sources */ = {isa = PBXBuildFile; fileRef = 0B6C324629F72D7300715ACF /* LocationManager.swift */; };
		0B6C324D29F9C96100715ACF /* LocationSearchActivationView.swift in Sources */ = {isa = PBXBuildFile; fileRef = 0B6C324C29F9C96100715ACF /* LocationSearchActivationView.swift */; };
		0B6C324F29F9CAD600715ACF /* MapViewActionButton.swift in Sources */ = {isa = PBXBuildFile; fileRef = 0B6C324E29F9CAD600715ACF /* MapViewActionButton.swift */; };
		0B6C325129F9CC0000715ACF /* LocationSearchView.swift in Sources */ = {isa = PBXBuildFile; fileRef = 0B6C325029F9CC0000715ACF /* LocationSearchView.swift */; };
		0B6C325329F9CEDE00715ACF /* LocationSearchRecultCell.swift in Sources */ = {isa = PBXBuildFile; fileRef = 0B6C325229F9CEDE00715ACF /* LocationSearchRecultCell.swift */; };
		0B70D3572A1825FD00F566DE /* User.swift in Sources */ = {isa = PBXBuildFile; fileRef = 0B70D3562A1825FD00F566DE /* User.swift */; };
		0B7ECD762A084F4400481CD8 /* RideType.swift in Sources */ = {isa = PBXBuildFile; fileRef = 0B7ECD752A084F4400481CD8 /* RideType.swift */; };
		0BB5D7CA2A0C4B64007470E1 /* Color.swift in Sources */ = {isa = PBXBuildFile; fileRef = 0BB5D7C92A0C4B64007470E1 /* Color.swift */; };
		0BBFF96A2A01B0090010D495 /* MapViewState.swift in Sources */ = {isa = PBXBuildFile; fileRef = 0BBFF9692A01B0090010D495 /* MapViewState.swift */; };
		0BC5F4D42A0AF865008B987B /* Double.swift in Sources */ = {isa = PBXBuildFile; fileRef = 0BC5F4D32A0AF865008B987B /* Double.swift */; };
		0BE5B75B2A197F9600B7AAF4 /* SideMenuView.swift in Sources */ = {isa = PBXBuildFile; fileRef = 0BE5B75A2A197F9600B7AAF4 /* SideMenuView.swift */; };
		0BE5B75D2A1988B100B7AAF4 /* SideMenuOptionViewModel.swift in Sources */ = {isa = PBXBuildFile; fileRef = 0BE5B75C2A1988B100B7AAF4 /* SideMenuOptionViewModel.swift */; };
		0BE5B75F2A198A8300B7AAF4 /* SideMenuOptionView.swift in Sources */ = {isa = PBXBuildFile; fileRef = 0BE5B75E2A198A8300B7AAF4 /* SideMenuOptionView.swift */; };
		0BF108BE2A157BF400885AB0 /* CustomInputField.swift in Sources */ = {isa = PBXBuildFile; fileRef = 0BF108BD2A157BF400885AB0 /* CustomInputField.swift */; };
		0BF108C02A1593C100885AB0 /* GoogleService-Info.plist in Resources */ = {isa = PBXBuildFile; fileRef = 0BF108BF2A1593C100885AB0 /* GoogleService-Info.plist */; };
		0BF108CB2A16C48E00885AB0 /* AuthViewModel.swift in Sources */ = {isa = PBXBuildFile; fileRef = 0BF108CA2A16C48E00885AB0 /* AuthViewModel.swift */; };
		0BF68E8729FB173800F10502 /* LocationSearchViewModel.swift in Sources */ = {isa = PBXBuildFile; fileRef = 0BF68E8629FB173800F10502 /* LocationSearchViewModel.swift */; };
/* End PBXBuildFile section */

/* Begin PBXFileReference section */
		0B1477202A0C41ED0012FBEA /* UberLocation.swift */ = {isa = PBXFileReference; lastKnownFileType = sourcecode.swift; path = UberLocation.swift; sourceTree = "<group>"; };
		0B17A8952A2550A50067289E /* SavedLocationSearchView.swift */ = {isa = PBXFileReference; lastKnownFileType = sourcecode.swift; path = SavedLocationSearchView.swift; sourceTree = "<group>"; };
		0B17A8972A2559910067289E /* LocationSearchResultsView.swift */ = {isa = PBXFileReference; lastKnownFileType = sourcecode.swift; path = LocationSearchResultsView.swift; sourceTree = "<group>"; };
		0B17A8992A26953B0067289E /* SavedLocation.swift */ = {isa = PBXFileReference; lastKnownFileType = sourcecode.swift; path = SavedLocation.swift; sourceTree = "<group>"; };
		0B2810932A117DFA00583D04 /* LoginView.swift */ = {isa = PBXFileReference; lastKnownFileType = sourcecode.swift; path = LoginView.swift; sourceTree = "<group>"; };
		0B2810952A117E1600583D04 /* RegistrationView.swift */ = {isa = PBXFileReference; lastKnownFileType = sourcecode.swift; path = RegistrationView.swift; sourceTree = "<group>"; };
		0B2F31ED2A22C07E005D2E4B /* SettingsView.swift */ = {isa = PBXFileReference; lastKnownFileType = sourcecode.swift; path = SettingsView.swift; sourceTree = "<group>"; };
		0B2F31F02A22C292005D2E4B /* HeaderView.swift */ = {isa = PBXFileReference; lastKnownFileType = sourcecode.swift; path = HeaderView.swift; sourceTree = "<group>"; };
		0B2F31F22A22C62C005D2E4B /* SavedLocationRowView.swift */ = {isa = PBXFileReference; lastKnownFileType = sourcecode.swift; path = SavedLocationRowView.swift; sourceTree = "<group>"; };
		0B2F31F42A22C787005D2E4B /* SettingsRowView.swift */ = {isa = PBXFileReference; lastKnownFileType = sourcecode.swift; path = SettingsRowView.swift; sourceTree = "<group>"; };
		0B30DD272A02F7590076CB9E /* RideRequestView.swift */ = {isa = PBXFileReference; lastKnownFileType = sourcecode.swift; path = RideRequestView.swift; sourceTree = "<group>"; };
		0B46B72D2A240F94008CB409 /* SavedLocationViewModel.swift */ = {isa = PBXFileReference; lastKnownFileType = sourcecode.swift; path = SavedLocationViewModel.swift; sourceTree = "<group>"; };
		0B6C322929F7291400715ACF /* uberSwiftUITutorial.app */ = {isa = PBXFileReference; explicitFileType = wrapper.application; includeInIndex = 0; path = uberSwiftUITutorial.app; sourceTree = BUILT_PRODUCTS_DIR; };
		0B6C322C29F7291400715ACF /* uberSwiftUITutorialApp.swift */ = {isa = PBXFileReference; lastKnownFileType = sourcecode.swift; path = uberSwiftUITutorialApp.swift; sourceTree = "<group>"; };
		0B6C323029F7291500715ACF /* Assets.xcassets */ = {isa = PBXFileReference; lastKnownFileType = folder.assetcatalog; path = Assets.xcassets; sourceTree = "<group>"; };
		0B6C323329F7291500715ACF /* Preview Assets.xcassets */ = {isa = PBXFileReference; lastKnownFileType = folder.assetcatalog; path = "Preview Assets.xcassets"; sourceTree = "<group>"; };
		0B6C324129F729C300715ACF /* HomeView.swift */ = {isa = PBXFileReference; lastKnownFileType = sourcecode.swift; path = HomeView.swift; sourceTree = "<group>"; };
		0B6C324429F72A3900715ACF /* UberMapViewRepresentable.swift */ = {isa = PBXFileReference; lastKnownFileType = sourcecode.swift; path = UberMapViewRepresentable.swift; sourceTree = "<group>"; };
		0B6C324629F72D7300715ACF /* LocationManager.swift */ = {isa = PBXFileReference; lastKnownFileType = sourcecode.swift; path = LocationManager.swift; sourceTree = "<group>"; };
		0B6C324C29F9C96100715ACF /* LocationSearchActivationView.swift */ = {isa = PBXFileReference; lastKnownFileType = sourcecode.swift; path = LocationSearchActivationView.swift; sourceTree = "<group>"; };
		0B6C324E29F9CAD600715ACF /* MapViewActionButton.swift */ = {isa = PBXFileReference; lastKnownFileType = sourcecode.swift; path = MapViewActionButton.swift; sourceTree = "<group>"; };
		0B6C325029F9CC0000715ACF /* LocationSearchView.swift */ = {isa = PBXFileReference; lastKnownFileType = sourcecode.swift; path = LocationSearchView.swift; sourceTree = "<group>"; };
		0B6C325229F9CEDE00715ACF /* LocationSearchRecultCell.swift */ = {isa = PBXFileReference; lastKnownFileType = sourcecode.swift; path = LocationSearchRecultCell.swift; sourceTree = "<group>"; };
		0B70D3562A1825FD00F566DE /* User.swift */ = {isa = PBXFileReference; lastKnownFileType = sourcecode.swift; path = User.swift; sourceTree = "<group>"; };
		0B7ECD752A084F4400481CD8 /* RideType.swift */ = {isa = PBXFileReference; lastKnownFileType = sourcecode.swift; path = RideType.swift; sourceTree = "<group>"; };
		0BB5D7C92A0C4B64007470E1 /* Color.swift */ = {isa = PBXFileReference; lastKnownFileType = sourcecode.swift; path = Color.swift; sourceTree = "<group>"; };
		0BBFF9692A01B0090010D495 /* MapViewState.swift */ = {isa = PBXFileReference; lastKnownFileType = sourcecode.swift; path = MapViewState.swift; sourceTree = "<group>"; };
		0BC5F4D32A0AF865008B987B /* Double.swift */ = {isa = PBXFileReference; lastKnownFileType = sourcecode.swift; path = Double.swift; sourceTree = "<group>"; };
		0BE5B75A2A197F9600B7AAF4 /* SideMenuView.swift */ = {isa = PBXFileReference; lastKnownFileType = sourcecode.swift; path = SideMenuView.swift; sourceTree = "<group>"; };
		0BE5B75C2A1988B100B7AAF4 /* SideMenuOptionViewModel.swift */ = {isa = PBXFileReference; lastKnownFileType = sourcecode.swift; path = SideMenuOptionViewModel.swift; sourceTree = "<group>"; };
		0BE5B75E2A198A8300B7AAF4 /* SideMenuOptionView.swift */ = {isa = PBXFileReference; lastKnownFileType = sourcecode.swift; path = SideMenuOptionView.swift; sourceTree = "<group>"; };
		0BF108BD2A157BF400885AB0 /* CustomInputField.swift */ = {isa = PBXFileReference; lastKnownFileType = sourcecode.swift; path = CustomInputField.swift; sourceTree = "<group>"; };
		0BF108BF2A1593C100885AB0 /* GoogleService-Info.plist */ = {isa = PBXFileReference; fileEncoding = 4; lastKnownFileType = text.plist.xml; path = "GoogleService-Info.plist"; sourceTree = "<group>"; };
		0BF108CA2A16C48E00885AB0 /* AuthViewModel.swift */ = {isa = PBXFileReference; lastKnownFileType = sourcecode.swift; name = AuthViewModel.swift; path = uberSwiftUITutorial/Core/Authentication/ViewModels/AuthViewModel.swift; sourceTree = SOURCE_ROOT; };
		0BF68E8629FB173800F10502 /* LocationSearchViewModel.swift */ = {isa = PBXFileReference; lastKnownFileType = sourcecode.swift; path = LocationSearchViewModel.swift; sourceTree = "<group>"; };
/* End PBXFileReference section */

/* Begin PBXFrameworksBuildPhase section */
		0B6C322629F7291400715ACF /* Frameworks */ = {
			isa = PBXFrameworksBuildPhase;
			buildActionMask = 2147483647;
			files = (
				0B2427032A216DFF00936AC1 /* FirebaseAuth in Frameworks */,
				0B2427092A216EE000936AC1 /* FirebaseStorage in Frameworks */,
				0B2427052A216DFF00936AC1 /* FirebaseFirestore in Frameworks */,
				0B2427072A216DFF00936AC1 /* FirebaseFirestoreSwift in Frameworks */,
			);
			runOnlyForDeploymentPostprocessing = 0;
		};
/* End PBXFrameworksBuildPhase section */

/* Begin PBXGroup section */
		0B2427012A216DFF00936AC1 /* Frameworks */ = {
			isa = PBXGroup;
			children = (
			);
			name = Frameworks;
			sourceTree = "<group>";
		};
		0B2810902A117DAB00583D04 /* Authentication */ = {
			isa = PBXGroup;
			children = (
				0B70D3582A18265100F566DE /* ViewModels */,
				0B2810912A117DCC00583D04 /* Views */,
			);
			path = Authentication;
			sourceTree = "<group>";
		};
		0B2810912A117DCC00583D04 /* Views */ = {
			isa = PBXGroup;
			children = (
				0B2810932A117DFA00583D04 /* LoginView.swift */,
				0B2810952A117E1600583D04 /* RegistrationView.swift */,
			);
			path = Views;
			sourceTree = "<group>";
		};
		0B2F31EA2A22BE47005D2E4B /* ViewModels */ = {
			isa = PBXGroup;
			children = (
			);
			path = ViewModels;
			sourceTree = "<group>";
		};
		0B2F31EB2A22C050005D2E4B /* Settings */ = {
			isa = PBXGroup;
			children = (
				0B46B72C2A240F7F008CB409 /* ViewModels */,
				0B2F31EF2A22C08B005D2E4B /* Views */,
			);
			path = Settings;
			sourceTree = "<group>";
		};
		0B2F31EF2A22C08B005D2E4B /* Views */ = {
			isa = PBXGroup;
			children = (
				0B2F31ED2A22C07E005D2E4B /* SettingsView.swift */,
			);
			path = Views;
			sourceTree = "<group>";
		};
		0B30DD262A02F74A0076CB9E /* Trips */ = {
			isa = PBXGroup;
			children = (
				0B30DD272A02F7590076CB9E /* RideRequestView.swift */,
			);
			path = Trips;
			sourceTree = "<group>";
		};
		0B46B72C2A240F7F008CB409 /* ViewModels */ = {
			isa = PBXGroup;
			children = (
				0B46B72D2A240F94008CB409 /* SavedLocationViewModel.swift */,
			);
			path = ViewModels;
			sourceTree = "<group>";
		};
		0B6C322029F7291400715ACF = {
			isa = PBXGroup;
			children = (
				0B6C322B29F7291400715ACF /* uberSwiftUITutorial */,
				0B6C322A29F7291400715ACF /* Products */,
				0B2427012A216DFF00936AC1 /* Frameworks */,
			);
			sourceTree = "<group>";
		};
		0B6C322A29F7291400715ACF /* Products */ = {
			isa = PBXGroup;
			children = (
				0B6C322929F7291400715ACF /* uberSwiftUITutorial.app */,
			);
			name = Products;
			sourceTree = "<group>";
		};
		0B6C322B29F7291400715ACF /* uberSwiftUITutorial */ = {
			isa = PBXGroup;
			children = (
				0BF108BF2A1593C100885AB0 /* GoogleService-Info.plist */,
				0BF108BC2A157BD100885AB0 /* ReusableItems */,
				0B6C323A29F7293700715ACF /* App */,
				0B6C323B29F7294600715ACF /* Core */,
				0B6C323C29F7294A00715ACF /* Extensions */,
				0B6C323D29F7296900715ACF /* Managers */,
				0B6C323E29F7297800715ACF /* Models */,
				0B6C323029F7291500715ACF /* Assets.xcassets */,
				0B6C323229F7291500715ACF /* Preview Content */,
			);
			path = uberSwiftUITutorial;
			sourceTree = "<group>";
		};
		0B6C323229F7291500715ACF /* Preview Content */ = {
			isa = PBXGroup;
			children = (
				0B6C323329F7291500715ACF /* Preview Assets.xcassets */,
			);
			path = "Preview Content";
			sourceTree = "<group>";
		};
		0B6C323A29F7293700715ACF /* App */ = {
			isa = PBXGroup;
			children = (
				0B6C322C29F7291400715ACF /* uberSwiftUITutorialApp.swift */,
			);
			path = App;
			sourceTree = "<group>";
		};
		0B6C323B29F7294600715ACF /* Core */ = {
			isa = PBXGroup;
			children = (
				0B2F31EB2A22C050005D2E4B /* Settings */,
				0BE5B7572A197F2200B7AAF4 /* Side Menu */,
				0B2810902A117DAB00583D04 /* Authentication */,
				0B30DD262A02F74A0076CB9E /* Trips */,
				0B6C324929F9C90500715ACF /* LocationSearch */,
				0B6C324829F9C8DC00715ACF /* Home */,
			);
			path = Core;
			sourceTree = "<group>";
		};
		0B6C323C29F7294A00715ACF /* Extensions */ = {
			isa = PBXGroup;
			children = (
				0BC5F4D32A0AF865008B987B /* Double.swift */,
				0BB5D7C92A0C4B64007470E1 /* Color.swift */,
			);
			path = Extensions;
			sourceTree = "<group>";
		};
		0B6C323D29F7296900715ACF /* Managers */ = {
			isa = PBXGroup;
			children = (
				0B6C324629F72D7300715ACF /* LocationManager.swift */,
			);
			path = Managers;
			sourceTree = "<group>";
		};
		0B6C323E29F7297800715ACF /* Models */ = {
			isa = PBXGroup;
			children = (
				0BBFF9692A01B0090010D495 /* MapViewState.swift */,
				0B7ECD752A084F4400481CD8 /* RideType.swift */,
				0B1477202A0C41ED0012FBEA /* UberLocation.swift */,
				0B70D3562A1825FD00F566DE /* User.swift */,
				0B17A8992A26953B0067289E /* SavedLocation.swift */,
			);
			path = Models;
			sourceTree = "<group>";
		};
		0B6C324029F729A500715ACF /* Views */ = {
			isa = PBXGroup;
			children = (
				0B6C324129F729C300715ACF /* HomeView.swift */,
				0B6C324429F72A3900715ACF /* UberMapViewRepresentable.swift */,
				0B6C324E29F9CAD600715ACF /* MapViewActionButton.swift */,
			);
			path = Views;
			sourceTree = "<group>";
		};
		0B6C324829F9C8DC00715ACF /* Home */ = {
			isa = PBXGroup;
			children = (
				0B2F31EA2A22BE47005D2E4B /* ViewModels */,
				0B6C324029F729A500715ACF /* Views */,
			);
			path = Home;
			sourceTree = "<group>";
		};
		0B6C324929F9C90500715ACF /* LocationSearch */ = {
			isa = PBXGroup;
			children = (
				0B6C324B29F9C93700715ACF /* View Models */,
				0B6C324A29F9C92D00715ACF /* Views */,
			);
			path = LocationSearch;
			sourceTree = "<group>";
		};
		0B6C324A29F9C92D00715ACF /* Views */ = {
			isa = PBXGroup;
			children = (
				0B6C325029F9CC0000715ACF /* LocationSearchView.swift */,
				0B6C324C29F9C96100715ACF /* LocationSearchActivationView.swift */,
				0B6C325229F9CEDE00715ACF /* LocationSearchRecultCell.swift */,
				0B17A8952A2550A50067289E /* SavedLocationSearchView.swift */,
			);
			path = Views;
			sourceTree = "<group>";
		};
		0B6C324B29F9C93700715ACF /* View Models */ = {
			isa = PBXGroup;
			children = (
				0BF68E8629FB173800F10502 /* LocationSearchViewModel.swift */,
			);
			path = "View Models";
			sourceTree = "<group>";
		};
		0B70D3582A18265100F566DE /* ViewModels */ = {
			isa = PBXGroup;
			children = (
				0BF108CA2A16C48E00885AB0 /* AuthViewModel.swift */,
			);
			path = ViewModels;
			sourceTree = "<group>";
		};
		0BE5B7572A197F2200B7AAF4 /* Side Menu */ = {
			isa = PBXGroup;
			children = (
				0BE5B7592A197F2E00B7AAF4 /* ViewModels */,
				0BE5B7582A197F2D00B7AAF4 /* Views */,
			);
			path = "Side Menu";
			sourceTree = "<group>";
		};
		0BE5B7582A197F2D00B7AAF4 /* Views */ = {
			isa = PBXGroup;
			children = (
				0BE5B75A2A197F9600B7AAF4 /* SideMenuView.swift */,
				0BE5B75E2A198A8300B7AAF4 /* SideMenuOptionView.swift */,
			);
			path = Views;
			sourceTree = "<group>";
		};
		0BE5B7592A197F2E00B7AAF4 /* ViewModels */ = {
			isa = PBXGroup;
			children = (
				0BE5B75C2A1988B100B7AAF4 /* SideMenuOptionViewModel.swift */,
			);
			path = ViewModels;
			sourceTree = "<group>";
		};
		0BF108BC2A157BD100885AB0 /* ReusableItems */ = {
			isa = PBXGroup;
			children = (
				0BF108BD2A157BF400885AB0 /* CustomInputField.swift */,
				0B2F31F02A22C292005D2E4B /* HeaderView.swift */,
				0B2F31F22A22C62C005D2E4B /* SavedLocationRowView.swift */,
				0B2F31F42A22C787005D2E4B /* SettingsRowView.swift */,
				0B17A8972A2559910067289E /* LocationSearchResultsView.swift */,
			);
			path = ReusableItems;
			sourceTree = "<group>";
		};
/* End PBXGroup section */

/* Begin PBXNativeTarget section */
		0B6C322829F7291400715ACF /* uberSwiftUITutorial */ = {
			isa = PBXNativeTarget;
			buildConfigurationList = 0B6C323729F7291500715ACF /* Build configuration list for PBXNativeTarget "uberSwiftUITutorial" */;
			buildPhases = (
				0B6C322529F7291400715ACF /* Sources */,
				0B6C322629F7291400715ACF /* Frameworks */,
				0B6C322729F7291400715ACF /* Resources */,
			);
			buildRules = (
			);
			dependencies = (
			);
			name = uberSwiftUITutorial;
			packageProductDependencies = (
				0B2427022A216DFF00936AC1 /* FirebaseAuth */,
				0B2427042A216DFF00936AC1 /* FirebaseFirestore */,
				0B2427062A216DFF00936AC1 /* FirebaseFirestoreSwift */,
				0B2427082A216EE000936AC1 /* FirebaseStorage */,
			);
			productName = uberSwiftUITutorial;
			productReference = 0B6C322929F7291400715ACF /* uberSwiftUITutorial.app */;
			productType = "com.apple.product-type.application";
		};
/* End PBXNativeTarget section */

/* Begin PBXProject section */
		0B6C322129F7291400715ACF /* Project object */ = {
			isa = PBXProject;
			attributes = {
				BuildIndependentTargetsInParallel = 1;
				LastSwiftUpdateCheck = 1430;
				LastUpgradeCheck = 1430;
				TargetAttributes = {
					0B6C322829F7291400715ACF = {
						CreatedOnToolsVersion = 14.3;
					};
				};
			};
			buildConfigurationList = 0B6C322429F7291400715ACF /* Build configuration list for PBXProject "uberSwiftUITutorial" */;
			compatibilityVersion = "Xcode 14.0";
			developmentRegion = en;
			hasScannedForEncodings = 0;
			knownRegions = (
				en,
				Base,
			);
			mainGroup = 0B6C322029F7291400715ACF;
			packageReferences = (
				0BF108C12A15951500885AB0 /* XCRemoteSwiftPackageReference "firebase-ios-sdk" */,
			);
			productRefGroup = 0B6C322A29F7291400715ACF /* Products */;
			projectDirPath = "";
			projectRoot = "";
			targets = (
				0B6C322829F7291400715ACF /* uberSwiftUITutorial */,
			);
		};
/* End PBXProject section */

/* Begin PBXResourcesBuildPhase section */
		0B6C322729F7291400715ACF /* Resources */ = {
			isa = PBXResourcesBuildPhase;
			buildActionMask = 2147483647;
			files = (
				0B6C323429F7291500715ACF /* Preview Assets.xcassets in Resources */,
				0B6C323129F7291500715ACF /* Assets.xcassets in Resources */,
				0BF108C02A1593C100885AB0 /* GoogleService-Info.plist in Resources */,
			);
			runOnlyForDeploymentPostprocessing = 0;
		};
/* End PBXResourcesBuildPhase section */

/* Begin PBXSourcesBuildPhase section */
		0B6C322529F7291400715ACF /* Sources */ = {
			isa = PBXSourcesBuildPhase;
			buildActionMask = 2147483647;
			files = (
				0BF68E8729FB173800F10502 /* LocationSearchViewModel.swift in Sources */,
				0B6C325129F9CC0000715ACF /* LocationSearchView.swift in Sources */,
				0B6C324729F72D7300715ACF /* LocationManager.swift in Sources */,
				0BE5B75D2A1988B100B7AAF4 /* SideMenuOptionViewModel.swift in Sources */,
				0B30DD282A02F7590076CB9E /* RideRequestView.swift in Sources */,
				0BC5F4D42A0AF865008B987B /* Double.swift in Sources */,
				0B17A89A2A26953B0067289E /* SavedLocation.swift in Sources */,
				0B2810962A117E1600583D04 /* RegistrationView.swift in Sources */,
				0BF108CB2A16C48E00885AB0 /* AuthViewModel.swift in Sources */,
				0BBFF96A2A01B0090010D495 /* MapViewState.swift in Sources */,
				0B2F31EE2A22C07E005D2E4B /* SettingsView.swift in Sources */,
				0B17A8962A2550A50067289E /* SavedLocationSearchView.swift in Sources */,
				0B70D3572A1825FD00F566DE /* User.swift in Sources */,
				0B6C324F29F9CAD600715ACF /* MapViewActionButton.swift in Sources */,
				0B6C322D29F7291400715ACF /* uberSwiftUITutorialApp.swift in Sources */,
				0BB5D7CA2A0C4B64007470E1 /* Color.swift in Sources */,
				0BE5B75F2A198A8300B7AAF4 /* SideMenuOptionView.swift in Sources */,
				0B2F31F12A22C292005D2E4B /* HeaderView.swift in Sources */,
				0B6C324529F72A3900715ACF /* UberMapViewRepresentable.swift in Sources */,
				0B6C324229F729C300715ACF /* HomeView.swift in Sources */,
				0B1477212A0C41ED0012FBEA /* UberLocation.swift in Sources */,
				0B17A8982A2559910067289E /* LocationSearchResultsView.swift in Sources */,
				0BE5B75B2A197F9600B7AAF4 /* SideMenuView.swift in Sources */,
				0B2F31F32A22C62C005D2E4B /* SavedLocationRowView.swift in Sources */,
				0B6C324D29F9C96100715ACF /* LocationSearchActivationView.swift in Sources */,
				0B6C325329F9CEDE00715ACF /* LocationSearchRecultCell.swift in Sources */,
				0B2810942A117DFA00583D04 /* LoginView.swift in Sources */,
				0BF108BE2A157BF400885AB0 /* CustomInputField.swift in Sources */,
				0B7ECD762A084F4400481CD8 /* RideType.swift in Sources */,
				0B2F31F52A22C787005D2E4B /* SettingsRowView.swift in Sources */,
				0B46B72E2A240F94008CB409 /* SavedLocationViewModel.swift in Sources */,
			);
			runOnlyForDeploymentPostprocessing = 0;
		};
/* End PBXSourcesBuildPhase section */

/* Begin XCBuildConfiguration section */
		0B6C323529F7291500715ACF /* Debug */ = {
			isa = XCBuildConfiguration;
			buildSettings = {
				ALWAYS_SEARCH_USER_PATHS = NO;
				CLANG_ANALYZER_NONNULL = YES;
				CLANG_ANALYZER_NUMBER_OBJECT_CONVERSION = YES_AGGRESSIVE;
				CLANG_CXX_LANGUAGE_STANDARD = "gnu++20";
				CLANG_ENABLE_MODULES = YES;
				CLANG_ENABLE_OBJC_ARC = YES;
				CLANG_ENABLE_OBJC_WEAK = YES;
				CLANG_WARN_BLOCK_CAPTURE_AUTORELEASING = YES;
				CLANG_WARN_BOOL_CONVERSION = YES;
				CLANG_WARN_COMMA = YES;
				CLANG_WARN_CONSTANT_CONVERSION = YES;
				CLANG_WARN_DEPRECATED_OBJC_IMPLEMENTATIONS = YES;
				CLANG_WARN_DIRECT_OBJC_ISA_USAGE = YES_ERROR;
				CLANG_WARN_DOCUMENTATION_COMMENTS = YES;
				CLANG_WARN_EMPTY_BODY = YES;
				CLANG_WARN_ENUM_CONVERSION = YES;
				CLANG_WARN_INFINITE_RECURSION = YES;
				CLANG_WARN_INT_CONVERSION = YES;
				CLANG_WARN_NON_LITERAL_NULL_CONVERSION = YES;
				CLANG_WARN_OBJC_IMPLICIT_RETAIN_SELF = YES;
				CLANG_WARN_OBJC_LITERAL_CONVERSION = YES;
				CLANG_WARN_OBJC_ROOT_CLASS = YES_ERROR;
				CLANG_WARN_QUOTED_INCLUDE_IN_FRAMEWORK_HEADER = YES;
				CLANG_WARN_RANGE_LOOP_ANALYSIS = YES;
				CLANG_WARN_STRICT_PROTOTYPES = YES;
				CLANG_WARN_SUSPICIOUS_MOVE = YES;
				CLANG_WARN_UNGUARDED_AVAILABILITY = YES_AGGRESSIVE;
				CLANG_WARN_UNREACHABLE_CODE = YES;
				CLANG_WARN__DUPLICATE_METHOD_MATCH = YES;
				COPY_PHASE_STRIP = NO;
				DEBUG_INFORMATION_FORMAT = dwarf;
				ENABLE_STRICT_OBJC_MSGSEND = YES;
				ENABLE_TESTABILITY = YES;
				GCC_C_LANGUAGE_STANDARD = gnu11;
				GCC_DYNAMIC_NO_PIC = NO;
				GCC_NO_COMMON_BLOCKS = YES;
				GCC_OPTIMIZATION_LEVEL = 0;
				GCC_PREPROCESSOR_DEFINITIONS = (
					"DEBUG=1",
					"$(inherited)",
				);
				GCC_WARN_64_TO_32_BIT_CONVERSION = YES;
				GCC_WARN_ABOUT_RETURN_TYPE = YES_ERROR;
				GCC_WARN_UNDECLARED_SELECTOR = YES;
				GCC_WARN_UNINITIALIZED_AUTOS = YES_AGGRESSIVE;
				GCC_WARN_UNUSED_FUNCTION = YES;
				GCC_WARN_UNUSED_VARIABLE = YES;
				IPHONEOS_DEPLOYMENT_TARGET = 16.4;
				MTL_ENABLE_DEBUG_INFO = INCLUDE_SOURCE;
				MTL_FAST_MATH = YES;
				ONLY_ACTIVE_ARCH = YES;
				SDKROOT = iphoneos;
				SWIFT_ACTIVE_COMPILATION_CONDITIONS = DEBUG;
				SWIFT_OPTIMIZATION_LEVEL = "-Onone";
			};
			name = Debug;
		};
		0B6C323629F7291500715ACF /* Release */ = {
			isa = XCBuildConfiguration;
			buildSettings = {
				ALWAYS_SEARCH_USER_PATHS = NO;
				CLANG_ANALYZER_NONNULL = YES;
				CLANG_ANALYZER_NUMBER_OBJECT_CONVERSION = YES_AGGRESSIVE;
				CLANG_CXX_LANGUAGE_STANDARD = "gnu++20";
				CLANG_ENABLE_MODULES = YES;
				CLANG_ENABLE_OBJC_ARC = YES;
				CLANG_ENABLE_OBJC_WEAK = YES;
				CLANG_WARN_BLOCK_CAPTURE_AUTORELEASING = YES;
				CLANG_WARN_BOOL_CONVERSION = YES;
				CLANG_WARN_COMMA = YES;
				CLANG_WARN_CONSTANT_CONVERSION = YES;
				CLANG_WARN_DEPRECATED_OBJC_IMPLEMENTATIONS = YES;
				CLANG_WARN_DIRECT_OBJC_ISA_USAGE = YES_ERROR;
				CLANG_WARN_DOCUMENTATION_COMMENTS = YES;
				CLANG_WARN_EMPTY_BODY = YES;
				CLANG_WARN_ENUM_CONVERSION = YES;
				CLANG_WARN_INFINITE_RECURSION = YES;
				CLANG_WARN_INT_CONVERSION = YES;
				CLANG_WARN_NON_LITERAL_NULL_CONVERSION = YES;
				CLANG_WARN_OBJC_IMPLICIT_RETAIN_SELF = YES;
				CLANG_WARN_OBJC_LITERAL_CONVERSION = YES;
				CLANG_WARN_OBJC_ROOT_CLASS = YES_ERROR;
				CLANG_WARN_QUOTED_INCLUDE_IN_FRAMEWORK_HEADER = YES;
				CLANG_WARN_RANGE_LOOP_ANALYSIS = YES;
				CLANG_WARN_STRICT_PROTOTYPES = YES;
				CLANG_WARN_SUSPICIOUS_MOVE = YES;
				CLANG_WARN_UNGUARDED_AVAILABILITY = YES_AGGRESSIVE;
				CLANG_WARN_UNREACHABLE_CODE = YES;
				CLANG_WARN__DUPLICATE_METHOD_MATCH = YES;
				COPY_PHASE_STRIP = NO;
				DEBUG_INFORMATION_FORMAT = "dwarf-with-dsym";
				ENABLE_NS_ASSERTIONS = NO;
				ENABLE_STRICT_OBJC_MSGSEND = YES;
				GCC_C_LANGUAGE_STANDARD = gnu11;
				GCC_NO_COMMON_BLOCKS = YES;
				GCC_WARN_64_TO_32_BIT_CONVERSION = YES;
				GCC_WARN_ABOUT_RETURN_TYPE = YES_ERROR;
				GCC_WARN_UNDECLARED_SELECTOR = YES;
				GCC_WARN_UNINITIALIZED_AUTOS = YES_AGGRESSIVE;
				GCC_WARN_UNUSED_FUNCTION = YES;
				GCC_WARN_UNUSED_VARIABLE = YES;
				IPHONEOS_DEPLOYMENT_TARGET = 16.4;
				MTL_ENABLE_DEBUG_INFO = NO;
				MTL_FAST_MATH = YES;
				SDKROOT = iphoneos;
				SWIFT_COMPILATION_MODE = wholemodule;
				SWIFT_OPTIMIZATION_LEVEL = "-O";
				VALIDATE_PRODUCT = YES;
			};
			name = Release;
		};
		0B6C323829F7291500715ACF /* Debug */ = {
			isa = XCBuildConfiguration;
			buildSettings = {
				ASSETCATALOG_COMPILER_APPICON_NAME = AppIcon;
				ASSETCATALOG_COMPILER_GLOBAL_ACCENT_COLOR_NAME = AccentColor;
				CODE_SIGN_STYLE = Automatic;
				CURRENT_PROJECT_VERSION = 1;
				DEVELOPMENT_ASSET_PATHS = "\"uberSwiftUITutorial/Preview Content\"";
				DEVELOPMENT_TEAM = PGWZGKLA6S;
				ENABLE_PREVIEWS = YES;
				GENERATE_INFOPLIST_FILE = YES;
				INFOPLIST_KEY_NSLocationWhenInUseUsageDescription = "Please allow us to access your location to find you nearby drivers and rides ";
				INFOPLIST_KEY_UIApplicationSceneManifest_Generation = YES;
				INFOPLIST_KEY_UIApplicationSupportsIndirectInputEvents = YES;
				INFOPLIST_KEY_UILaunchScreen_Generation = YES;
				INFOPLIST_KEY_UISupportedInterfaceOrientations_iPad = "UIInterfaceOrientationPortrait UIInterfaceOrientationPortraitUpsideDown UIInterfaceOrientationLandscapeLeft UIInterfaceOrientationLandscapeRight";
				INFOPLIST_KEY_UISupportedInterfaceOrientations_iPhone = "UIInterfaceOrientationPortrait UIInterfaceOrientationLandscapeLeft UIInterfaceOrientationLandscapeRight";
				LD_RUNPATH_SEARCH_PATHS = (
					"$(inherited)",
					"@executable_path/Frameworks",
				);
				MARKETING_VERSION = 1.0;
				PRODUCT_BUNDLE_IDENTIFIER = com.yanniyiannakidi.uberSwiftUITutorial;
				PRODUCT_NAME = "$(TARGET_NAME)";
				SWIFT_EMIT_LOC_STRINGS = YES;
				SWIFT_VERSION = 5.0;
				TARGETED_DEVICE_FAMILY = "1,2";
			};
			name = Debug;
		};
		0B6C323929F7291500715ACF /* Release */ = {
			isa = XCBuildConfiguration;
			buildSettings = {
				ASSETCATALOG_COMPILER_APPICON_NAME = AppIcon;
				ASSETCATALOG_COMPILER_GLOBAL_ACCENT_COLOR_NAME = AccentColor;
				CODE_SIGN_STYLE = Automatic;
				CURRENT_PROJECT_VERSION = 1;
				DEVELOPMENT_ASSET_PATHS = "\"uberSwiftUITutorial/Preview Content\"";
				DEVELOPMENT_TEAM = PGWZGKLA6S;
				ENABLE_PREVIEWS = YES;
				GENERATE_INFOPLIST_FILE = YES;
				INFOPLIST_KEY_NSLocationWhenInUseUsageDescription = "Please allow us to access your location to find you nearby drivers and rides ";
				INFOPLIST_KEY_UIApplicationSceneManifest_Generation = YES;
				INFOPLIST_KEY_UIApplicationSupportsIndirectInputEvents = YES;
				INFOPLIST_KEY_UILaunchScreen_Generation = YES;
				INFOPLIST_KEY_UISupportedInterfaceOrientations_iPad = "UIInterfaceOrientationPortrait UIInterfaceOrientationPortraitUpsideDown UIInterfaceOrientationLandscapeLeft UIInterfaceOrientationLandscapeRight";
				INFOPLIST_KEY_UISupportedInterfaceOrientations_iPhone = "UIInterfaceOrientationPortrait UIInterfaceOrientationLandscapeLeft UIInterfaceOrientationLandscapeRight";
				LD_RUNPATH_SEARCH_PATHS = (
					"$(inherited)",
					"@executable_path/Frameworks",
				);
				MARKETING_VERSION = 1.0;
				PRODUCT_BUNDLE_IDENTIFIER = com.yanniyiannakidi.uberSwiftUITutorial;
				PRODUCT_NAME = "$(TARGET_NAME)";
				SWIFT_EMIT_LOC_STRINGS = YES;
				SWIFT_VERSION = 5.0;
				TARGETED_DEVICE_FAMILY = "1,2";
			};
			name = Release;
		};
/* End XCBuildConfiguration section */

/* Begin XCConfigurationList section */
		0B6C322429F7291400715ACF /* Build configuration list for PBXProject "uberSwiftUITutorial" */ = {
			isa = XCConfigurationList;
			buildConfigurations = (
				0B6C323529F7291500715ACF /* Debug */,
				0B6C323629F7291500715ACF /* Release */,
			);
			defaultConfigurationIsVisible = 0;
			defaultConfigurationName = Release;
		};
		0B6C323729F7291500715ACF /* Build configuration list for PBXNativeTarget "uberSwiftUITutorial" */ = {
			isa = XCConfigurationList;
			buildConfigurations = (
				0B6C323829F7291500715ACF /* Debug */,
				0B6C323929F7291500715ACF /* Release */,
			);
			defaultConfigurationIsVisible = 0;
			defaultConfigurationName = Release;
		};
/* End XCConfigurationList section */

/* Begin XCRemoteSwiftPackageReference section */
		0BF108C12A15951500885AB0 /* XCRemoteSwiftPackageReference "firebase-ios-sdk" */ = {
			isa = XCRemoteSwiftPackageReference;
			repositoryURL = "https://github.com/firebase/firebase-ios-sdk";
			requirement = {
				kind = upToNextMajorVersion;
				minimumVersion = 10.0.0;
			};
		};
/* End XCRemoteSwiftPackageReference section */

/* Begin XCSwiftPackageProductDependency section */
		0B2427022A216DFF00936AC1 /* FirebaseAuth */ = {
			isa = XCSwiftPackageProductDependency;
			package = 0BF108C12A15951500885AB0 /* XCRemoteSwiftPackageReference "firebase-ios-sdk" */;
			productName = FirebaseAuth;
		};
		0B2427042A216DFF00936AC1 /* FirebaseFirestore */ = {
			isa = XCSwiftPackageProductDependency;
			package = 0BF108C12A15951500885AB0 /* XCRemoteSwiftPackageReference "firebase-ios-sdk" */;
			productName = FirebaseFirestore;
		};
		0B2427062A216DFF00936AC1 /* FirebaseFirestoreSwift */ = {
			isa = XCSwiftPackageProductDependency;
			package = 0BF108C12A15951500885AB0 /* XCRemoteSwiftPackageReference "firebase-ios-sdk" */;
			productName = FirebaseFirestoreSwift;
		};
		0B2427082A216EE000936AC1 /* FirebaseStorage */ = {
			isa = XCSwiftPackageProductDependency;
			package = 0BF108C12A15951500885AB0 /* XCRemoteSwiftPackageReference "firebase-ios-sdk" */;
			productName = FirebaseStorage;
		};
/* End XCSwiftPackageProductDependency section */
	};
	rootObject = 0B6C322129F7291400715ACF /* Project object */;
}
